
Microsoft Visual Studio Solution File, Format Version 12.00
# Visual Studio Version 18
VisualStudioVersion = 18.3.11206.111 d18.3
MinimumVisualStudioVersion = 10.0.40219.1
Project("{FAE04EC0-301F-11D3-BF4B-00C04F79EFBC}") = "RoadSpeedAdjuster", "RoadSpeedAdjuster.csproj", "{6C51ACA6-AE88-448B-9794-15331D44F888}"
EndProject
Global
	GlobalSection(SolutionConfigurationPlatforms) = preSolution
		Debug|Any CPU = Debug|Any CPU
		Release|Any CPU = Release|Any CPU
	EndGlobalSection
	GlobalSection(ProjectConfigurationPlatforms) = postSolution
		{6C51ACA6-AE88-448B-9794-15331D44F888}.Debug|Any CPU.ActiveCfg = Debug|Any CPU
		{6C51ACA6-AE88-448B-9794-15331D44F888}.Debug|Any CPU.Build.0 = Debug|Any CPU
		{6C51ACA6-AE88-448B-9794-15331D44F888}.Release|Any CPU.ActiveCfg = Release|Any CPU
		{6C51ACA6-AE88-448B-9794-15331D44F888}.Release|Any CPU.Build.0 = Release|Any CPU
	EndGlobalSection
	GlobalSection(SolutionProperties) = preSolution
		HideSolutionNode = FALSE
	EndGlobalSection
	GlobalSection(ExtensibilityGlobals) = postSolution
		SolutionGuid = {E3459B1C-D71F-40D6-A667-F1F7A5F64E08}
	EndGlobalSection
EndGlobal
